// !$*UTF8*$!
{
	archiveVersion = 1;
	classes = {
	};
	objectVersion = 55;
	objects = {

/* Begin PBXBuildFile section */
		CCC7571427CB943B002C4172 /* AppDelegate.swift in Sources */ = {isa = PBXBuildFile; fileRef = CCC7571327CB943B002C4172 /* AppDelegate.swift */; };
		CCC7571627CB943B002C4172 /* SceneDelegate.swift in Sources */ = {isa = PBXBuildFile; fileRef = CCC7571527CB943B002C4172 /* SceneDelegate.swift */; };
		CCC7571827CB943B002C4172 /* LoginViewController.swift in Sources */ = {isa = PBXBuildFile; fileRef = CCC7571727CB943B002C4172 /* LoginViewController.swift */; };
		CCC7571B27CB943B002C4172 /* Main.storyboard in Resources */ = {isa = PBXBuildFile; fileRef = CCC7571927CB943B002C4172 /* Main.storyboard */; };
		CCC7571D27CB943C002C4172 /* Assets.xcassets in Resources */ = {isa = PBXBuildFile; fileRef = CCC7571C27CB943C002C4172 /* Assets.xcassets */; };
		CCC7572027CB943C002C4172 /* LaunchScreen.storyboard in Resources */ = {isa = PBXBuildFile; fileRef = CCC7571E27CB943C002C4172 /* LaunchScreen.storyboard */; };
		CCC7572C27CB9F05002C4172 /* RegisterViewController.swift in Sources */ = {isa = PBXBuildFile; fileRef = CCC7572B27CB9F05002C4172 /* RegisterViewController.swift */; };
		CCC7572F27CBAB27002C4172 /* testViewController.swift in Sources */ = {isa = PBXBuildFile; fileRef = CCC7572E27CBAB27002C4172 /* testViewController.swift */; };
/* End PBXBuildFile section */

/* Begin PBXFileReference section */
		CCC7571027CB943B002C4172 /* LoginApp_tutorial.app */ = {isa = PBXFileReference; explicitFileType = wrapper.application; includeInIndex = 0; path = LoginApp_tutorial.app; sourceTree = BUILT_PRODUCTS_DIR; };
		CCC7571327CB943B002C4172 /* AppDelegate.swift */ = {isa = PBXFileReference; lastKnownFileType = sourcecode.swift; path = AppDelegate.swift; sourceTree = "<group>"; };
		CCC7571527CB943B002C4172 /* SceneDelegate.swift */ = {isa = PBXFileReference; lastKnownFileType = sourcecode.swift; path = SceneDelegate.swift; sourceTree = "<group>"; };
		CCC7571727CB943B002C4172 /* LoginViewController.swift */ = {isa = PBXFileReference; lastKnownFileType = sourcecode.swift; path = LoginViewController.swift; sourceTree = "<group>"; };
		CCC7571A27CB943B002C4172 /* Base */ = {isa = PBXFileReference; lastKnownFileType = file.storyboard; name = Base; path = Base.lproj/Main.storyboard; sourceTree = "<group>"; };
		CCC7571C27CB943C002C4172 /* Assets.xcassets */ = {isa = PBXFileReference; lastKnownFileType = folder.assetcatalog; path = Assets.xcassets; sourceTree = "<group>"; };
		CCC7571F27CB943C002C4172 /* Base */ = {isa = PBXFileReference; lastKnownFileType = file.storyboard; name = Base; path = Base.lproj/LaunchScreen.storyboard; sourceTree = "<group>"; };
		CCC7572127CB943C002C4172 /* Info.plist */ = {isa = PBXFileReference; lastKnownFileType = text.plist.xml; path = Info.plist; sourceTree = "<group>"; };
		CCC7572B27CB9F05002C4172 /* RegisterViewController.swift */ = {isa = PBXFileReference; lastKnownFileType = sourcecode.swift; path = RegisterViewController.swift; sourceTree = "<group>"; };
		CCC7572E27CBAB27002C4172 /* testViewController.swift */ = {isa = PBXFileReference; lastKnownFileType = sourcecode.swift; path = testViewController.swift; sourceTree = "<group>"; };
/* End PBXFileReference section */

/* Begin PBXFrameworksBuildPhase section */
		CCC7570D27CB943B002C4172 /* Frameworks */ = {
			isa = PBXFrameworksBuildPhase;
			buildActionMask = 2147483647;
			files = (
			);
			runOnlyForDeploymentPostprocessing = 0;
		};
/* End PBXFrameworksBuildPhase section */

/* Begin PBXGroup section */
		CCC7570727CB943B002C4172 = {
			isa = PBXGroup;
			children = (
				CCC7571227CB943B002C4172 /* LoginApp_tutorial */,
				CCC7571127CB943B002C4172 /* Products */,
			);
			sourceTree = "<group>";
		};
		CCC7571127CB943B002C4172 /* Products */ = {
			isa = PBXGroup;
			children = (
				CCC7571027CB943B002C4172 /* LoginApp_tutorial.app */,
			);
			name = Products;
			sourceTree = "<group>";
		};
		CCC7571227CB943B002C4172 /* LoginApp_tutorial */ = {
			isa = PBXGroup;
			children = (
				CCC7572D27CB9F52002C4172 /* Controller */,
				CCC7571327CB943B002C4172 /* AppDelegate.swift */,
				CCC7571527CB943B002C4172 /* SceneDelegate.swift */,
				CCC7571C27CB943C002C4172 /* Assets.xcassets */,
				CCC7571927CB943B002C4172 /* Main.storyboard */,
				CCC7571E27CB943C002C4172 /* LaunchScreen.storyboard */,
				CCC7572127CB943C002C4172 /* Info.plist */,
			);
			path = LoginApp_tutorial;
			sourceTree = "<group>";
		};
		CCC7572D27CB9F52002C4172 /* Controller */ = {
			isa = PBXGroup;
			children = (
				CCC7571727CB943B002C4172 /* LoginViewController.swift */,
				CCC7572B27CB9F05002C4172 /* RegisterViewController.swift */,
				CCC7572E27CBAB27002C4172 /* testViewController.swift */,
			);
			path = Controller;
			sourceTree = "<group>";
		};
/* End PBXGroup section */

/* Begin PBXNativeTarget section */
		CCC7570F27CB943B002C4172 /* LoginApp_tutorial */ = {
			isa = PBXNativeTarget;
			buildConfigurationList = CCC7572427CB943C002C4172 /* Build configuration list for PBXNativeTarget "LoginApp_tutorial" */;
			buildPhases = (
				CCC7570C27CB943B002C4172 /* Sources */,
				CCC7570D27CB943B002C4172 /* Frameworks */,
				CCC7570E27CB943B002C4172 /* Resources */,
			);
			buildRules = (
			);
			dependencies = (
			);
			name = LoginApp_tutorial;
			productName = LoginApp_tutorial;
			productReference = CCC7571027CB943B002C4172 /* LoginApp_tutorial.app */;
			productType = "com.apple.product-type.application";
		};
/* End PBXNativeTarget section */

/* Begin PBXProject section */
		CCC7570827CB943B002C4172 /* Project object */ = {
			isa = PBXProject;
			attributes = {
				BuildIndependentTargetsInParallel = 1;
				LastSwiftUpdateCheck = 1320;
				LastUpgradeCheck = 1320;
				TargetAttributes = {
					CCC7570F27CB943B002C4172 = {
						CreatedOnToolsVersion = 13.2.1;
					};
				};
			};
			buildConfigurationList = CCC7570B27CB943B002C4172 /* Build configuration list for PBXProject "LoginApp_tutorial" */;
			compatibilityVersion = "Xcode 13.0";
			developmentRegion = en;
			hasScannedForEncodings = 0;
			knownRegions = (
				en,
				Base,
			);
			mainGroup = CCC7570727CB943B002C4172;
			productRefGroup = CCC7571127CB943B002C4172 /* Products */;
			projectDirPath = "";
			projectRoot = "";
			targets = (
				CCC7570F27CB943B002C4172 /* LoginApp_tutorial */,
			);
		};
/* End PBXProject section */

/* Begin PBXResourcesBuildPhase section */
		CCC7570E27CB943B002C4172 /* Resources */ = {
			isa = PBXResourcesBuildPhase;
			buildActionMask = 2147483647;
			files = (
				CCC7572027CB943C002C4172 /* LaunchScreen.storyboard in Resources */,
				CCC7571D27CB943C002C4172 /* Assets.xcassets in Resources */,
				CCC7571B27CB943B002C4172 /* Main.storyboard in Resources */,
			);
			runOnlyForDeploymentPostprocessing = 0;
		};
/* End PBXResourcesBuildPhase section */

/* Begin PBXSourcesBuildPhase section */
		CCC7570C27CB943B002C4172 /* Sources */ = {
			isa = PBXSourcesBuildPhase;
			buildActionMask = 2147483647;
			files = (
				CCC7571827CB943B002C4172 /* LoginViewController.swift in Sources */,
				CCC7572C27CB9F05002C4172 /* RegisterViewController.swift in Sources */,
				CCC7571427CB943B002C4172 /* AppDelegate.swift in Sources */,
				CCC7572F27CBAB27002C4172 /* testViewController.swift in Sources */,
				CCC7571627CB943B002C4172 /* SceneDelegate.swift in Sources */,
			);
			runOnlyForDeploymentPostprocessing = 0;
		};
/* End PBXSourcesBuildPhase section */

/* Begin PBXVariantGroup section */
		CCC7571927CB943B002C4172 /* Main.storyboard */ = {
			isa = PBXVariantGroup;
			children = (
				CCC7571A27CB943B002C4172 /* Base */,
			);
			name = Main.storyboard;
			sourceTree = "<group>";
		};
		CCC7571E27CB943C002C4172 /* LaunchScreen.storyboard */ = {
			isa = PBXVariantGroup;
			children = (
				CCC7571F27CB943C002C4172 /* Base */,
			);
			name = LaunchScreen.storyboard;
			sourceTree = "<group>";
		};
/* End PBXVariantGroup section */

/* Begin XCBuildConfiguration section */
		CCC7572227CB943C002C4172 /* Debug */ = {
			isa = XCBuildConfiguration;
			buildSettings = {
				ALWAYS_SEARCH_USER_PATHS = NO;
				CLANG_ANALYZER_NONNULL = YES;
				CLANG_ANALYZER_NUMBER_OBJECT_CONVERSION = YES_AGGRESSIVE;
				CLANG_CXX_LANGUAGE_STANDARD = "gnu++17";
				CLANG_CXX_LIBRARY = "libc++";
				CLANG_ENABLE_MODULES = YES;
				CLANG_ENABLE_OBJC_ARC = YES;
				CLANG_ENABLE_OBJC_WEAK = YES;
				CLANG_WARN_BLOCK_CAPTURE_AUTORELEASING = YES;
				CLANG_WARN_BOOL_CONVERSION = YES;
				CLANG_WARN_COMMA = YES;
				CLANG_WARN_CONSTANT_CONVERSION = YES;
				CLANG_WARN_DEPRECATED_OBJC_IMPLEMENTATIONS = YES;
				CLANG_WARN_DIRECT_OBJC_ISA_USAGE = YES_ERROR;
				CLANG_WARN_DOCUMENTATION_COMMENTS = YES;
				CLANG_WARN_EMPTY_BODY = YES;
				CLANG_WARN_ENUM_CONVERSION = YES;
				CLANG_WARN_INFINITE_RECURSION = YES;
				CLANG_WARN_INT_CONVERSION = YES;
				CLANG_WARN_NON_LITERAL_NULL_CONVERSION = YES;
				CLANG_WARN_OBJC_IMPLICIT_RETAIN_SELF = YES;
				CLANG_WARN_OBJC_LITERAL_CONVERSION = YES;
				CLANG_WARN_OBJC_ROOT_CLASS = YES_ERROR;
				CLANG_WARN_QUOTED_INCLUDE_IN_FRAMEWORK_HEADER = YES;
				CLANG_WARN_RANGE_LOOP_ANALYSIS = YES;
				CLANG_WARN_STRICT_PROTOTYPES = YES;
				CLANG_WARN_SUSPICIOUS_MOVE = YES;
				CLANG_WARN_UNGUARDED_AVAILABILITY = YES_AGGRESSIVE;
				CLANG_WARN_UNREACHABLE_CODE = YES;
				CLANG_WARN__DUPLICATE_METHOD_MATCH = YES;
				COPY_PHASE_STRIP = NO;
				DEBUG_INFORMATION_FORMAT = dwarf;
				ENABLE_STRICT_OBJC_MSGSEND = YES;
				ENABLE_TESTABILITY = YES;
				GCC_C_LANGUAGE_STANDARD = gnu11;
				GCC_DYNAMIC_NO_PIC = NO;
				GCC_NO_COMMON_BLOCKS = YES;
				GCC_OPTIMIZATION_LEVEL = 0;
				GCC_PREPROCESSOR_DEFINITIONS = (
					"DEBUG=1",
					"$(inherited)",
				);
				GCC_WARN_64_TO_32_BIT_CONVERSION = YES;
				GCC_WARN_ABOUT_RETURN_TYPE = YES_ERROR;
				GCC_WARN_UNDECLARED_SELECTOR = YES;
				GCC_WARN_UNINITIALIZED_AUTOS = YES_AGGRESSIVE;
				GCC_WARN_UNUSED_FUNCTION = YES;
				GCC_WARN_UNUSED_VARIABLE = YES;
				IPHONEOS_DEPLOYMENT_TARGET = 15.2;
				MTL_ENABLE_DEBUG_INFO = INCLUDE_SOURCE;
				MTL_FAST_MATH = YES;
				ONLY_ACTIVE_ARCH = YES;
				SDKROOT = iphoneos;
				SWIFT_ACTIVE_COMPILATION_CONDITIONS = DEBUG;
				SWIFT_OPTIMIZATION_LEVEL = "-Onone";
			};
			name = Debug;
		};
		CCC7572327CB943C002C4172 /* Release */ = {
			isa = XCBuildConfiguration;
			buildSettings = {
				ALWAYS_SEARCH_USER_PATHS = NO;
				CLANG_ANALYZER_NONNULL = YES;
				CLANG_ANALYZER_NUMBER_OBJECT_CONVERSION = YES_AGGRESSIVE;
				CLANG_CXX_LANGUAGE_STANDARD = "gnu++17";
				CLANG_CXX_LIBRARY = "libc++";
				CLANG_ENABLE_MODULES = YES;
				CLANG_ENABLE_OBJC_ARC = YES;
				CLANG_ENABLE_OBJC_WEAK = YES;
				CLANG_WARN_BLOCK_CAPTURE_AUTORELEASING = YES;
				CLANG_WARN_BOOL_CONVERSION = YES;
				CLANG_WARN_COMMA = YES;
				CLANG_WARN_CONSTANT_CONVERSION = YES;
				CLANG_WARN_DEPRECATED_OBJC_IMPLEMENTATIONS = YES;
				CLANG_WARN_DIRECT_OBJC_ISA_USAGE = YES_ERROR;
				CLANG_WARN_DOCUMENTATION_COMMENTS = YES;
				CLANG_WARN_EMPTY_BODY = YES;
				CLANG_WARN_ENUM_CONVERSION = YES;
				CLANG_WARN_INFINITE_RECURSION = YES;
				CLANG_WARN_INT_CONVERSION = YES;
				CLANG_WARN_NON_LITERAL_NULL_CONVERSION = YES;
				CLANG_WARN_OBJC_IMPLICIT_RETAIN_SELF = YES;
				CLANG_WARN_OBJC_LITERAL_CONVERSION = YES;
				CLANG_WARN_OBJC_ROOT_CLASS = YES_ERROR;
				CLANG_WARN_QUOTED_INCLUDE_IN_FRAMEWORK_HEADER = YES;
				CLANG_WARN_RANGE_LOOP_ANALYSIS = YES;
				CLANG_WARN_STRICT_PROTOTYPES = YES;
				CLANG_WARN_SUSPICIOUS_MOVE = YES;
				CLANG_WARN_UNGUARDED_AVAILABILITY = YES_AGGRESSIVE;
				CLANG_WARN_UNREACHABLE_CODE = YES;
				CLANG_WARN__DUPLICATE_METHOD_MATCH = YES;
				COPY_PHASE_STRIP = NO;
				DEBUG_INFORMATION_FORMAT = "dwarf-with-dsym";
				ENABLE_NS_ASSERTIONS = NO;
				ENABLE_STRICT_OBJC_MSGSEND = YES;
				GCC_C_LANGUAGE_STANDARD = gnu11;
				GCC_NO_COMMON_BLOCKS = YES;
				GCC_WARN_64_TO_32_BIT_CONVERSION = YES;
				GCC_WARN_ABOUT_RETURN_TYPE = YES_ERROR;
				GCC_WARN_UNDECLARED_SELECTOR = YES;
				GCC_WARN_UNINITIALIZED_AUTOS = YES_AGGRESSIVE;
				GCC_WARN_UNUSED_FUNCTION = YES;
				GCC_WARN_UNUSED_VARIABLE = YES;
				IPHONEOS_DEPLOYMENT_TARGET = 15.2;
				MTL_ENABLE_DEBUG_INFO = NO;
				MTL_FAST_MATH = YES;
				SDKROOT = iphoneos;
				SWIFT_COMPILATION_MODE = wholemodule;
				SWIFT_OPTIMIZATION_LEVEL = "-O";
				VALIDATE_PRODUCT = YES;
			};
			name = Release;
		};
		CCC7572527CB943C002C4172 /* Debug */ = {
			isa = XCBuildConfiguration;
			buildSettings = {
				ASSETCATALOG_COMPILER_APPICON_NAME = AppIcon;
				ASSETCATALOG_COMPILER_GLOBAL_ACCENT_COLOR_NAME = AccentColor;
				CODE_SIGN_STYLE = Automatic;
				CURRENT_PROJECT_VERSION = 1;
				DEVELOPMENT_TEAM = JUH7SGH4N4;
				GENERATE_INFOPLIST_FILE = YES;
				INFOPLIST_FILE = LoginApp_tutorial/Info.plist;
				INFOPLIST_KEY_UIApplicationSupportsIndirectInputEvents = YES;
				INFOPLIST_KEY_UILaunchStoryboardName = LaunchScreen;
				INFOPLIST_KEY_UIMainStoryboardFile = Main;
				INFOPLIST_KEY_UISupportedInterfaceOrientations_iPad = "UIInterfaceOrientationPortrait UIInterfaceOrientationPortraitUpsideDown UIInterfaceOrientationLandscapeLeft UIInterfaceOrientationLandscapeRight";
				INFOPLIST_KEY_UISupportedInterfaceOrientations_iPhone = "UIInterfaceOrientationPortrait UIInterfaceOrientationLandscapeLeft UIInterfaceOrientationLandscapeRight";
				LD_RUNPATH_SEARCH_PATHS = (
					"$(inherited)",
					"@executable_path/Frameworks",
				);
				MARKETING_VERSION = 1.0;
				PRODUCT_BUNDLE_IDENTIFIER = "com.bicco.LoginApp-tutorial";
				PRODUCT_NAME = "$(TARGET_NAME)";
				SWIFT_EMIT_LOC_STRINGS = YES;
				SWIFT_VERSION = 5.0;
				TARGETED_DEVICE_FAMILY = "1,2";
			};
			name = Debug;
		};
		CCC7572627CB943C002C4172 /* Release */ = {
			isa = XCBuildConfiguration;
			buildSettings = {
				ASSETCATALOG_COMPILER_APPICON_NAME = AppIcon;
				ASSETCATALOG_COMPILER_GLOBAL_ACCENT_COLOR_NAME = AccentColor;
				CODE_SIGN_STYLE = Automatic;
				CURRENT_PROJECT_VERSION = 1;
				DEVELOPMENT_TEAM = JUH7SGH4N4;
				GENERATE_INFOPLIST_FILE = YES;
				INFOPLIST_FILE = LoginApp_tutorial/Info.plist;
				INFOPLIST_KEY_UIApplicationSupportsIndirectInputEvents = YES;
				INFOPLIST_KEY_UILaunchStoryboardName = LaunchScreen;
				INFOPLIST_KEY_UIMainStoryboardFile = Main;
				INFOPLIST_KEY_UISupportedInterfaceOrientations_iPad = "UIInterfaceOrientationPortrait UIInterfaceOrientationPortraitUpsideDown UIInterfaceOrientationLandscapeLeft UIInterfaceOrientationLandscapeRight";
				INFOPLIST_KEY_UISupportedInterfaceOrientations_iPhone = "UIInterfaceOrientationPortrait UIInterfaceOrientationLandscapeLeft UIInterfaceOrientationLandscapeRight";
				LD_RUNPATH_SEARCH_PATHS = (
					"$(inherited)",
					"@executable_path/Frameworks",
				);
				MARKETING_VERSION = 1.0;
				PRODUCT_BUNDLE_IDENTIFIER = "com.bicco.LoginApp-tutorial";
				PRODUCT_NAME = "$(TARGET_NAME)";
				SWIFT_EMIT_LOC_STRINGS = YES;
				SWIFT_VERSION = 5.0;
				TARGETED_DEVICE_FAMILY = "1,2";
			};
			name = Release;
		};
/* End XCBuildConfiguration section */

/* Begin XCConfigurationList section */
		CCC7570B27CB943B002C4172 /* Build configuration list for PBXProject "LoginApp_tutorial" */ = {
			isa = XCConfigurationList;
			buildConfigurations = (
				CCC7572227CB943C002C4172 /* Debug */,
				CCC7572327CB943C002C4172 /* Release */,
			);
			defaultConfigurationIsVisible = 0;
			defaultConfigurationName = Release;
		};
		CCC7572427CB943C002C4172 /* Build configuration list for PBXNativeTarget "LoginApp_tutorial" */ = {
			isa = XCConfigurationList;
			buildConfigurations = (
				CCC7572527CB943C002C4172 /* Debug */,
				CCC7572627CB943C002C4172 /* Release */,
			);
			defaultConfigurationIsVisible = 0;
			defaultConfigurationName = Release;
		};
/* End XCConfigurationList section */
	};
	rootObject = CCC7570827CB943B002C4172 /* Project object */;
}
