// !$*UTF8*$!
{
	archiveVersion = 1;
	classes = {
	};
	objectVersion = 55;
	objects = {

/* Begin PBXBuildFile section */
		1D0418BC6CB625F0E98CBB3D /* Pods_NiceApp.framework in Frameworks */ = {isa = PBXBuildFile; fileRef = 9F2525C8042A1080E73D1F15 /* Pods_NiceApp.framework */; };
		CC2E908F27CA9641004A6CDE /* 97423-loading-star-waiting.json in Resources */ = {isa = PBXBuildFile; fileRef = CC2E908E27CA9641004A6CDE /* 97423-loading-star-waiting.json */; };
		CCE471F627CA910400134C5F /* AppDelegate.swift in Sources */ = {isa = PBXBuildFile; fileRef = CCE471F527CA910400134C5F /* AppDelegate.swift */; };
		CCE471F827CA910400134C5F /* SceneDelegate.swift in Sources */ = {isa = PBXBuildFile; fileRef = CCE471F727CA910400134C5F /* SceneDelegate.swift */; };
		CCE471FA27CA910400134C5F /* MainViewController.swift in Sources */ = {isa = PBXBuildFile; fileRef = CCE471F927CA910400134C5F /* MainViewController.swift */; };
		CCE471FD27CA910400134C5F /* Main.storyboard in Resources */ = {isa = PBXBuildFile; fileRef = CCE471FB27CA910400134C5F /* Main.storyboard */; };
		CCE471FF27CA910500134C5F /* Assets.xcassets in Resources */ = {isa = PBXBuildFile; fileRef = CCE471FE27CA910500134C5F /* Assets.xcassets */; };
		CCE4720227CA910500134C5F /* LaunchScreen.storyboard in Resources */ = {isa = PBXBuildFile; fileRef = CCE4720027CA910500134C5F /* LaunchScreen.storyboard */; };
/* End PBXBuildFile section */

/* Begin PBXFileReference section */
		9F2525C8042A1080E73D1F15 /* Pods_NiceApp.framework */ = {isa = PBXFileReference; explicitFileType = wrapper.framework; includeInIndex = 0; path = Pods_NiceApp.framework; sourceTree = BUILT_PRODUCTS_DIR; };
		CC2E908E27CA9641004A6CDE /* 97423-loading-star-waiting.json */ = {isa = PBXFileReference; fileEncoding = 4; lastKnownFileType = text.json; path = "97423-loading-star-waiting.json"; sourceTree = "<group>"; };
		CCE471F227CA910400134C5F /* NiceApp.app */ = {isa = PBXFileReference; explicitFileType = wrapper.application; includeInIndex = 0; path = NiceApp.app; sourceTree = BUILT_PRODUCTS_DIR; };
		CCE471F527CA910400134C5F /* AppDelegate.swift */ = {isa = PBXFileReference; lastKnownFileType = sourcecode.swift; path = AppDelegate.swift; sourceTree = "<group>"; };
		CCE471F727CA910400134C5F /* SceneDelegate.swift */ = {isa = PBXFileReference; lastKnownFileType = sourcecode.swift; path = SceneDelegate.swift; sourceTree = "<group>"; };
		CCE471F927CA910400134C5F /* MainViewController.swift */ = {isa = PBXFileReference; lastKnownFileType = sourcecode.swift; path = MainViewController.swift; sourceTree = "<group>"; };
		CCE471FC27CA910400134C5F /* Base */ = {isa = PBXFileReference; lastKnownFileType = file.storyboard; name = Base; path = Base.lproj/Main.storyboard; sourceTree = "<group>"; };
		CCE471FE27CA910500134C5F /* Assets.xcassets */ = {isa = PBXFileReference; lastKnownFileType = folder.assetcatalog; path = Assets.xcassets; sourceTree = "<group>"; };
		CCE4720127CA910500134C5F /* Base */ = {isa = PBXFileReference; lastKnownFileType = file.storyboard; name = Base; path = Base.lproj/LaunchScreen.storyboard; sourceTree = "<group>"; };
		CCE4720327CA910500134C5F /* Info.plist */ = {isa = PBXFileReference; lastKnownFileType = text.plist.xml; path = Info.plist; sourceTree = "<group>"; };
		CEEA741E104561F88CF0ACB1 /* Pods-NiceApp.debug.xcconfig */ = {isa = PBXFileReference; includeInIndex = 1; lastKnownFileType = text.xcconfig; name = "Pods-NiceApp.debug.xcconfig"; path = "Target Support Files/Pods-NiceApp/Pods-NiceApp.debug.xcconfig"; sourceTree = "<group>"; };
		CF67CF3279805048FBEFDE42 /* Pods-NiceApp.release.xcconfig */ = {isa = PBXFileReference; includeInIndex = 1; lastKnownFileType = text.xcconfig; name = "Pods-NiceApp.release.xcconfig"; path = "Target Support Files/Pods-NiceApp/Pods-NiceApp.release.xcconfig"; sourceTree = "<group>"; };
/* End PBXFileReference section */

/* Begin PBXFrameworksBuildPhase section */
		CCE471EF27CA910400134C5F /* Frameworks */ = {
			isa = PBXFrameworksBuildPhase;
			buildActionMask = 2147483647;
			files = (
				1D0418BC6CB625F0E98CBB3D /* Pods_NiceApp.framework in Frameworks */,
			);
			runOnlyForDeploymentPostprocessing = 0;
		};
/* End PBXFrameworksBuildPhase section */

/* Begin PBXGroup section */
		31E66E69F34C89D56E931F8F /* Pods */ = {
			isa = PBXGroup;
			children = (
				CEEA741E104561F88CF0ACB1 /* Pods-NiceApp.debug.xcconfig */,
				CF67CF3279805048FBEFDE42 /* Pods-NiceApp.release.xcconfig */,
			);
			path = Pods;
			sourceTree = "<group>";
		};
		58A3E2D665A7CBC4BBF8DC69 /* Frameworks */ = {
			isa = PBXGroup;
			children = (
				9F2525C8042A1080E73D1F15 /* Pods_NiceApp.framework */,
			);
			name = Frameworks;
			sourceTree = "<group>";
		};
		CCE471E927CA910400134C5F = {
			isa = PBXGroup;
			children = (
				CCE471F427CA910400134C5F /* NiceApp */,
				CCE471F327CA910400134C5F /* Products */,
				31E66E69F34C89D56E931F8F /* Pods */,
				58A3E2D665A7CBC4BBF8DC69 /* Frameworks */,
			);
			sourceTree = "<group>";
		};
		CCE471F327CA910400134C5F /* Products */ = {
			isa = PBXGroup;
			children = (
				CCE471F227CA910400134C5F /* NiceApp.app */,
			);
			name = Products;
			sourceTree = "<group>";
		};
		CCE471F427CA910400134C5F /* NiceApp */ = {
			isa = PBXGroup;
			children = (
				CC2E908E27CA9641004A6CDE /* 97423-loading-star-waiting.json */,
				CCE4720927CA912C00134C5F /* ViewControllers */,
				CCE471F527CA910400134C5F /* AppDelegate.swift */,
				CCE471F727CA910400134C5F /* SceneDelegate.swift */,
				CCE471FB27CA910400134C5F /* Main.storyboard */,
				CCE471FE27CA910500134C5F /* Assets.xcassets */,
				CCE4720027CA910500134C5F /* LaunchScreen.storyboard */,
				CCE4720327CA910500134C5F /* Info.plist */,
			);
			path = NiceApp;
			sourceTree = "<group>";
		};
		CCE4720927CA912C00134C5F /* ViewControllers */ = {
			isa = PBXGroup;
			children = (
				CCE471F927CA910400134C5F /* MainViewController.swift */,
			);
			path = ViewControllers;
			sourceTree = "<group>";
		};
/* End PBXGroup section */

/* Begin PBXNativeTarget section */
		CCE471F127CA910400134C5F /* NiceApp */ = {
			isa = PBXNativeTarget;
			buildConfigurationList = CCE4720627CA910500134C5F /* Build configuration list for PBXNativeTarget "NiceApp" */;
			buildPhases = (
				DBB9629EDEB8EF35212957B9 /* [CP] Check Pods Manifest.lock */,
				CCE471EE27CA910400134C5F /* Sources */,
				CCE471EF27CA910400134C5F /* Frameworks */,
				CCE471F027CA910400134C5F /* Resources */,
				4C2F19DFEBC499E55A3FCDE9 /* [CP] Embed Pods Frameworks */,
			);
			buildRules = (
			);
			dependencies = (
			);
			name = NiceApp;
			productName = NiceApp;
			productReference = CCE471F227CA910400134C5F /* NiceApp.app */;
			productType = "com.apple.product-type.application";
		};
/* End PBXNativeTarget section */

/* Begin PBXProject section */
		CCE471EA27CA910400134C5F /* Project object */ = {
			isa = PBXProject;
			attributes = {
				BuildIndependentTargetsInParallel = 1;
				LastSwiftUpdateCheck = 1320;
				LastUpgradeCheck = 1320;
				TargetAttributes = {
					CCE471F127CA910400134C5F = {
						CreatedOnToolsVersion = 13.2.1;
					};
				};
			};
			buildConfigurationList = CCE471ED27CA910400134C5F /* Build configuration list for PBXProject "NiceApp" */;
			compatibilityVersion = "Xcode 13.0";
			developmentRegion = en;
			hasScannedForEncodings = 0;
			knownRegions = (
				en,
				Base,
			);
			mainGroup = CCE471E927CA910400134C5F;
			productRefGroup = CCE471F327CA910400134C5F /* Products */;
			projectDirPath = "";
			projectRoot = "";
			targets = (
				CCE471F127CA910400134C5F /* NiceApp */,
			);
		};
/* End PBXProject section */

/* Begin PBXResourcesBuildPhase section */
		CCE471F027CA910400134C5F /* Resources */ = {
			isa = PBXResourcesBuildPhase;
			buildActionMask = 2147483647;
			files = (
				CCE4720227CA910500134C5F /* LaunchScreen.storyboard in Resources */,
				CCE471FF27CA910500134C5F /* Assets.xcassets in Resources */,
				CC2E908F27CA9641004A6CDE /* 97423-loading-star-waiting.json in Resources */,
				CCE471FD27CA910400134C5F /* Main.storyboard in Resources */,
			);
			runOnlyForDeploymentPostprocessing = 0;
		};
/* End PBXResourcesBuildPhase section */

/* Begin PBXShellScriptBuildPhase section */
		4C2F19DFEBC499E55A3FCDE9 /* [CP] Embed Pods Frameworks */ = {
			isa = PBXShellScriptBuildPhase;
			buildActionMask = 2147483647;
			files = (
			);
			inputFileListPaths = (
				"${PODS_ROOT}/Target Support Files/Pods-NiceApp/Pods-NiceApp-frameworks-${CONFIGURATION}-input-files.xcfilelist",
			);
			name = "[CP] Embed Pods Frameworks";
			outputFileListPaths = (
				"${PODS_ROOT}/Target Support Files/Pods-NiceApp/Pods-NiceApp-frameworks-${CONFIGURATION}-output-files.xcfilelist",
			);
			runOnlyForDeploymentPostprocessing = 0;
			shellPath = /bin/sh;
			shellScript = "\"${PODS_ROOT}/Target Support Files/Pods-NiceApp/Pods-NiceApp-frameworks.sh\"\n";
			showEnvVarsInLog = 0;
		};
		DBB9629EDEB8EF35212957B9 /* [CP] Check Pods Manifest.lock */ = {
			isa = PBXShellScriptBuildPhase;
			buildActionMask = 2147483647;
			files = (
			);
			inputFileListPaths = (
			);
			inputPaths = (
				"${PODS_PODFILE_DIR_PATH}/Podfile.lock",
				"${PODS_ROOT}/Manifest.lock",
			);
			name = "[CP] Check Pods Manifest.lock";
			outputFileListPaths = (
			);
			outputPaths = (
				"$(DERIVED_FILE_DIR)/Pods-NiceApp-checkManifestLockResult.txt",
			);
			runOnlyForDeploymentPostprocessing = 0;
			shellPath = /bin/sh;
			shellScript = "diff \"${PODS_PODFILE_DIR_PATH}/Podfile.lock\" \"${PODS_ROOT}/Manifest.lock\" > /dev/null\nif [ $? != 0 ] ; then\n    # print error to STDERR\n    echo \"error: The sandbox is not in sync with the Podfile.lock. Run 'pod install' or update your CocoaPods installation.\" >&2\n    exit 1\nfi\n# This output is used by Xcode 'outputs' to avoid re-running this script phase.\necho \"SUCCESS\" > \"${SCRIPT_OUTPUT_FILE_0}\"\n";
			showEnvVarsInLog = 0;
		};
/* End PBXShellScriptBuildPhase section */

/* Begin PBXSourcesBuildPhase section */
		CCE471EE27CA910400134C5F /* Sources */ = {
			isa = PBXSourcesBuildPhase;
			buildActionMask = 2147483647;
			files = (
				CCE471FA27CA910400134C5F /* MainViewController.swift in Sources */,
				CCE471F627CA910400134C5F /* AppDelegate.swift in Sources */,
				CCE471F827CA910400134C5F /* SceneDelegate.swift in Sources */,
			);
			runOnlyForDeploymentPostprocessing = 0;
		};
/* End PBXSourcesBuildPhase section */

/* Begin PBXVariantGroup section */
		CCE471FB27CA910400134C5F /* Main.storyboard */ = {
			isa = PBXVariantGroup;
			children = (
				CCE471FC27CA910400134C5F /* Base */,
			);
			name = Main.storyboard;
			sourceTree = "<group>";
		};
		CCE4720027CA910500134C5F /* LaunchScreen.storyboard */ = {
			isa = PBXVariantGroup;
			children = (
				CCE4720127CA910500134C5F /* Base */,
			);
			name = LaunchScreen.storyboard;
			sourceTree = "<group>";
		};
/* End PBXVariantGroup section */

/* Begin XCBuildConfiguration section */
		CCE4720427CA910500134C5F /* Debug */ = {
			isa = XCBuildConfiguration;
			buildSettings = {
				ALWAYS_SEARCH_USER_PATHS = NO;
				CLANG_ANALYZER_NONNULL = YES;
				CLANG_ANALYZER_NUMBER_OBJECT_CONVERSION = YES_AGGRESSIVE;
				CLANG_CXX_LANGUAGE_STANDARD = "gnu++17";
				CLANG_CXX_LIBRARY = "libc++";
				CLANG_ENABLE_MODULES = YES;
				CLANG_ENABLE_OBJC_ARC = YES;
				CLANG_ENABLE_OBJC_WEAK = YES;
				CLANG_WARN_BLOCK_CAPTURE_AUTORELEASING = YES;
				CLANG_WARN_BOOL_CONVERSION = YES;
				CLANG_WARN_COMMA = YES;
				CLANG_WARN_CONSTANT_CONVERSION = YES;
				CLANG_WARN_DEPRECATED_OBJC_IMPLEMENTATIONS = YES;
				CLANG_WARN_DIRECT_OBJC_ISA_USAGE = YES_ERROR;
				CLANG_WARN_DOCUMENTATION_COMMENTS = YES;
				CLANG_WARN_EMPTY_BODY = YES;
				CLANG_WARN_ENUM_CONVERSION = YES;
				CLANG_WARN_INFINITE_RECURSION = YES;
				CLANG_WARN_INT_CONVERSION = YES;
				CLANG_WARN_NON_LITERAL_NULL_CONVERSION = YES;
				CLANG_WARN_OBJC_IMPLICIT_RETAIN_SELF = YES;
				CLANG_WARN_OBJC_LITERAL_CONVERSION = YES;
				CLANG_WARN_OBJC_ROOT_CLASS = YES_ERROR;
				CLANG_WARN_QUOTED_INCLUDE_IN_FRAMEWORK_HEADER = YES;
				CLANG_WARN_RANGE_LOOP_ANALYSIS = YES;
				CLANG_WARN_STRICT_PROTOTYPES = YES;
				CLANG_WARN_SUSPICIOUS_MOVE = YES;
				CLANG_WARN_UNGUARDED_AVAILABILITY = YES_AGGRESSIVE;
				CLANG_WARN_UNREACHABLE_CODE = YES;
				CLANG_WARN__DUPLICATE_METHOD_MATCH = YES;
				COPY_PHASE_STRIP = NO;
				DEBUG_INFORMATION_FORMAT = dwarf;
				ENABLE_STRICT_OBJC_MSGSEND = YES;
				ENABLE_TESTABILITY = YES;
				GCC_C_LANGUAGE_STANDARD = gnu11;
				GCC_DYNAMIC_NO_PIC = NO;
				GCC_NO_COMMON_BLOCKS = YES;
				GCC_OPTIMIZATION_LEVEL = 0;
				GCC_PREPROCESSOR_DEFINITIONS = (
					"DEBUG=1",
					"$(inherited)",
				);
				GCC_WARN_64_TO_32_BIT_CONVERSION = YES;
				GCC_WARN_ABOUT_RETURN_TYPE = YES_ERROR;
				GCC_WARN_UNDECLARED_SELECTOR = YES;
				GCC_WARN_UNINITIALIZED_AUTOS = YES_AGGRESSIVE;
				GCC_WARN_UNUSED_FUNCTION = YES;
				GCC_WARN_UNUSED_VARIABLE = YES;
				IPHONEOS_DEPLOYMENT_TARGET = 15.2;
				MTL_ENABLE_DEBUG_INFO = INCLUDE_SOURCE;
				MTL_FAST_MATH = YES;
				ONLY_ACTIVE_ARCH = YES;
				SDKROOT = iphoneos;
				SWIFT_ACTIVE_COMPILATION_CONDITIONS = DEBUG;
				SWIFT_OPTIMIZATION_LEVEL = "-Onone";
			};
			name = Debug;
		};
		CCE4720527CA910500134C5F /* Release */ = {
			isa = XCBuildConfiguration;
			buildSettings = {
				ALWAYS_SEARCH_USER_PATHS = NO;
				CLANG_ANALYZER_NONNULL = YES;
				CLANG_ANALYZER_NUMBER_OBJECT_CONVERSION = YES_AGGRESSIVE;
				CLANG_CXX_LANGUAGE_STANDARD = "gnu++17";
				CLANG_CXX_LIBRARY = "libc++";
				CLANG_ENABLE_MODULES = YES;
				CLANG_ENABLE_OBJC_ARC = YES;
				CLANG_ENABLE_OBJC_WEAK = YES;
				CLANG_WARN_BLOCK_CAPTURE_AUTORELEASING = YES;
				CLANG_WARN_BOOL_CONVERSION = YES;
				CLANG_WARN_COMMA = YES;
				CLANG_WARN_CONSTANT_CONVERSION = YES;
				CLANG_WARN_DEPRECATED_OBJC_IMPLEMENTATIONS = YES;
				CLANG_WARN_DIRECT_OBJC_ISA_USAGE = YES_ERROR;
				CLANG_WARN_DOCUMENTATION_COMMENTS = YES;
				CLANG_WARN_EMPTY_BODY = YES;
				CLANG_WARN_ENUM_CONVERSION = YES;
				CLANG_WARN_INFINITE_RECURSION = YES;
				CLANG_WARN_INT_CONVERSION = YES;
				CLANG_WARN_NON_LITERAL_NULL_CONVERSION = YES;
				CLANG_WARN_OBJC_IMPLICIT_RETAIN_SELF = YES;
				CLANG_WARN_OBJC_LITERAL_CONVERSION = YES;
				CLANG_WARN_OBJC_ROOT_CLASS = YES_ERROR;
				CLANG_WARN_QUOTED_INCLUDE_IN_FRAMEWORK_HEADER = YES;
				CLANG_WARN_RANGE_LOOP_ANALYSIS = YES;
				CLANG_WARN_STRICT_PROTOTYPES = YES;
				CLANG_WARN_SUSPICIOUS_MOVE = YES;
				CLANG_WARN_UNGUARDED_AVAILABILITY = YES_AGGRESSIVE;
				CLANG_WARN_UNREACHABLE_CODE = YES;
				CLANG_WARN__DUPLICATE_METHOD_MATCH = YES;
				COPY_PHASE_STRIP = NO;
				DEBUG_INFORMATION_FORMAT = "dwarf-with-dsym";
				ENABLE_NS_ASSERTIONS = NO;
				ENABLE_STRICT_OBJC_MSGSEND = YES;
				GCC_C_LANGUAGE_STANDARD = gnu11;
				GCC_NO_COMMON_BLOCKS = YES;
				GCC_WARN_64_TO_32_BIT_CONVERSION = YES;
				GCC_WARN_ABOUT_RETURN_TYPE = YES_ERROR;
				GCC_WARN_UNDECLARED_SELECTOR = YES;
				GCC_WARN_UNINITIALIZED_AUTOS = YES_AGGRESSIVE;
				GCC_WARN_UNUSED_FUNCTION = YES;
				GCC_WARN_UNUSED_VARIABLE = YES;
				IPHONEOS_DEPLOYMENT_TARGET = 15.2;
				MTL_ENABLE_DEBUG_INFO = NO;
				MTL_FAST_MATH = YES;
				SDKROOT = iphoneos;
				SWIFT_COMPILATION_MODE = wholemodule;
				SWIFT_OPTIMIZATION_LEVEL = "-O";
				VALIDATE_PRODUCT = YES;
			};
			name = Release;
		};
		CCE4720727CA910500134C5F /* Debug */ = {
			isa = XCBuildConfiguration;
			baseConfigurationReference = CEEA741E104561F88CF0ACB1 /* Pods-NiceApp.debug.xcconfig */;
			buildSettings = {
				ASSETCATALOG_COMPILER_APPICON_NAME = AppIcon;
				ASSETCATALOG_COMPILER_GLOBAL_ACCENT_COLOR_NAME = AccentColor;
				CODE_SIGN_STYLE = Automatic;
				CURRENT_PROJECT_VERSION = 1;
				DEVELOPMENT_TEAM = JUH7SGH4N4;
				GENERATE_INFOPLIST_FILE = YES;
				INFOPLIST_FILE = NiceApp/Info.plist;
				INFOPLIST_KEY_UIApplicationSupportsIndirectInputEvents = YES;
				INFOPLIST_KEY_UILaunchStoryboardName = LaunchScreen;
				INFOPLIST_KEY_UIMainStoryboardFile = Main;
				INFOPLIST_KEY_UISupportedInterfaceOrientations_iPad = "UIInterfaceOrientationPortrait UIInterfaceOrientationPortraitUpsideDown UIInterfaceOrientationLandscapeLeft UIInterfaceOrientationLandscapeRight";
				INFOPLIST_KEY_UISupportedInterfaceOrientations_iPhone = "UIInterfaceOrientationPortrait UIInterfaceOrientationLandscapeLeft UIInterfaceOrientationLandscapeRight";
				LD_RUNPATH_SEARCH_PATHS = (
					"$(inherited)",
					"@executable_path/Frameworks",
				);
				MARKETING_VERSION = 1.0;
				PRODUCT_BUNDLE_IDENTIFIER = com.bicco.NiceApp;
				PRODUCT_NAME = "$(TARGET_NAME)";
				SWIFT_EMIT_LOC_STRINGS = YES;
				SWIFT_VERSION = 5.0;
				TARGETED_DEVICE_FAMILY = "1,2";
			};
			name = Debug;
		};
		CCE4720827CA910500134C5F /* Release */ = {
			isa = XCBuildConfiguration;
			baseConfigurationReference = CF67CF3279805048FBEFDE42 /* Pods-NiceApp.release.xcconfig */;
			buildSettings = {
				ASSETCATALOG_COMPILER_APPICON_NAME = AppIcon;
				ASSETCATALOG_COMPILER_GLOBAL_ACCENT_COLOR_NAME = AccentColor;
				CODE_SIGN_STYLE = Automatic;
				CURRENT_PROJECT_VERSION = 1;
				DEVELOPMENT_TEAM = JUH7SGH4N4;
				GENERATE_INFOPLIST_FILE = YES;
				INFOPLIST_FILE = NiceApp/Info.plist;
				INFOPLIST_KEY_UIApplicationSupportsIndirectInputEvents = YES;
				INFOPLIST_KEY_UILaunchStoryboardName = LaunchScreen;
				INFOPLIST_KEY_UIMainStoryboardFile = Main;
				INFOPLIST_KEY_UISupportedInterfaceOrientations_iPad = "UIInterfaceOrientationPortrait UIInterfaceOrientationPortraitUpsideDown UIInterfaceOrientationLandscapeLeft UIInterfaceOrientationLandscapeRight";
				INFOPLIST_KEY_UISupportedInterfaceOrientations_iPhone = "UIInterfaceOrientationPortrait UIInterfaceOrientationLandscapeLeft UIInterfaceOrientationLandscapeRight";
				LD_RUNPATH_SEARCH_PATHS = (
					"$(inherited)",
					"@executable_path/Frameworks",
				);
				MARKETING_VERSION = 1.0;
				PRODUCT_BUNDLE_IDENTIFIER = com.bicco.NiceApp;
				PRODUCT_NAME = "$(TARGET_NAME)";
				SWIFT_EMIT_LOC_STRINGS = YES;
				SWIFT_VERSION = 5.0;
				TARGETED_DEVICE_FAMILY = "1,2";
			};
			name = Release;
		};
/* End XCBuildConfiguration section */

/* Begin XCConfigurationList section */
		CCE471ED27CA910400134C5F /* Build configuration list for PBXProject "NiceApp" */ = {
			isa = XCConfigurationList;
			buildConfigurations = (
				CCE4720427CA910500134C5F /* Debug */,
				CCE4720527CA910500134C5F /* Release */,
			);
			defaultConfigurationIsVisible = 0;
			defaultConfigurationName = Release;
		};
		CCE4720627CA910500134C5F /* Build configuration list for PBXNativeTarget "NiceApp" */ = {
			isa = XCConfigurationList;
			buildConfigurations = (
				CCE4720727CA910500134C5F /* Debug */,
				CCE4720827CA910500134C5F /* Release */,
			);
			defaultConfigurationIsVisible = 0;
			defaultConfigurationName = Release;
		};
/* End XCConfigurationList section */
	};
	rootObject = CCE471EA27CA910400134C5F /* Project object */;
}
