// !$*UTF8*$!
{
	archiveVersion = 1;
	classes = {
	};
	objectVersion = 55;
	objects = {

/* Begin PBXBuildFile section */
		CCE6DADF27DCEBFE00175B30 /* PopUpDelegate.swift in Sources */ = {isa = PBXBuildFile; fileRef = CCE6DADE27DCEBFE00175B30 /* PopUpDelegate.swift */; };
		CCF24CD727DB874A00B30EBE /* AppDelegate.swift in Sources */ = {isa = PBXBuildFile; fileRef = CCF24CD627DB874A00B30EBE /* AppDelegate.swift */; };
		CCF24CD927DB874A00B30EBE /* SceneDelegate.swift in Sources */ = {isa = PBXBuildFile; fileRef = CCF24CD827DB874A00B30EBE /* SceneDelegate.swift */; };
		CCF24CDB27DB874A00B30EBE /* ViewController.swift in Sources */ = {isa = PBXBuildFile; fileRef = CCF24CDA27DB874A00B30EBE /* ViewController.swift */; };
		CCF24CDE27DB874A00B30EBE /* Main.storyboard in Resources */ = {isa = PBXBuildFile; fileRef = CCF24CDC27DB874A00B30EBE /* Main.storyboard */; };
		CCF24CE027DB874A00B30EBE /* Assets.xcassets in Resources */ = {isa = PBXBuildFile; fileRef = CCF24CDF27DB874A00B30EBE /* Assets.xcassets */; };
		CCF24CE327DB874A00B30EBE /* LaunchScreen.storyboard in Resources */ = {isa = PBXBuildFile; fileRef = CCF24CE127DB874A00B30EBE /* LaunchScreen.storyboard */; };
		CCF24CEB27DB88C600B30EBE /* PopUp.storyboard in Resources */ = {isa = PBXBuildFile; fileRef = CCF24CEA27DB88C600B30EBE /* PopUp.storyboard */; };
		CCF24CED27DB90D900B30EBE /* CustomPopUpViewController.swift in Sources */ = {isa = PBXBuildFile; fileRef = CCF24CEC27DB90D900B30EBE /* CustomPopUpViewController.swift */; };
		CCF24CF027DB930900B30EBE /* WebKit.framework in Frameworks */ = {isa = PBXBuildFile; fileRef = CCF24CEF27DB930900B30EBE /* WebKit.framework */; };
/* End PBXBuildFile section */

/* Begin PBXFileReference section */
		CCE6DADE27DCEBFE00175B30 /* PopUpDelegate.swift */ = {isa = PBXFileReference; lastKnownFileType = sourcecode.swift; path = PopUpDelegate.swift; sourceTree = "<group>"; };
		CCF24CD327DB874A00B30EBE /* CustomPopUp_tutorial.app */ = {isa = PBXFileReference; explicitFileType = wrapper.application; includeInIndex = 0; path = CustomPopUp_tutorial.app; sourceTree = BUILT_PRODUCTS_DIR; };
		CCF24CD627DB874A00B30EBE /* AppDelegate.swift */ = {isa = PBXFileReference; lastKnownFileType = sourcecode.swift; path = AppDelegate.swift; sourceTree = "<group>"; };
		CCF24CD827DB874A00B30EBE /* SceneDelegate.swift */ = {isa = PBXFileReference; lastKnownFileType = sourcecode.swift; path = SceneDelegate.swift; sourceTree = "<group>"; };
		CCF24CDA27DB874A00B30EBE /* ViewController.swift */ = {isa = PBXFileReference; lastKnownFileType = sourcecode.swift; path = ViewController.swift; sourceTree = "<group>"; };
		CCF24CDD27DB874A00B30EBE /* Base */ = {isa = PBXFileReference; lastKnownFileType = file.storyboard; name = Base; path = Base.lproj/Main.storyboard; sourceTree = "<group>"; };
		CCF24CDF27DB874A00B30EBE /* Assets.xcassets */ = {isa = PBXFileReference; lastKnownFileType = folder.assetcatalog; path = Assets.xcassets; sourceTree = "<group>"; };
		CCF24CE227DB874A00B30EBE /* Base */ = {isa = PBXFileReference; lastKnownFileType = file.storyboard; name = Base; path = Base.lproj/LaunchScreen.storyboard; sourceTree = "<group>"; };
		CCF24CE427DB874A00B30EBE /* Info.plist */ = {isa = PBXFileReference; lastKnownFileType = text.plist.xml; path = Info.plist; sourceTree = "<group>"; };
		CCF24CEA27DB88C600B30EBE /* PopUp.storyboard */ = {isa = PBXFileReference; lastKnownFileType = file.storyboard; path = PopUp.storyboard; sourceTree = "<group>"; };
		CCF24CEC27DB90D900B30EBE /* CustomPopUpViewController.swift */ = {isa = PBXFileReference; lastKnownFileType = sourcecode.swift; path = CustomPopUpViewController.swift; sourceTree = "<group>"; };
		CCF24CEF27DB930900B30EBE /* WebKit.framework */ = {isa = PBXFileReference; lastKnownFileType = wrapper.framework; name = WebKit.framework; path = System/Library/Frameworks/WebKit.framework; sourceTree = SDKROOT; };
/* End PBXFileReference section */

/* Begin PBXFrameworksBuildPhase section */
		CCF24CD027DB874A00B30EBE /* Frameworks */ = {
			isa = PBXFrameworksBuildPhase;
			buildActionMask = 2147483647;
			files = (
				CCF24CF027DB930900B30EBE /* WebKit.framework in Frameworks */,
			);
			runOnlyForDeploymentPostprocessing = 0;
		};
/* End PBXFrameworksBuildPhase section */

/* Begin PBXGroup section */
		CCF24CCA27DB874A00B30EBE = {
			isa = PBXGroup;
			children = (
				CCF24CD527DB874A00B30EBE /* CustomPopUp_tutorial */,
				CCF24CD427DB874A00B30EBE /* Products */,
				CCF24CEE27DB930900B30EBE /* Frameworks */,
			);
			sourceTree = "<group>";
		};
		CCF24CD427DB874A00B30EBE /* Products */ = {
			isa = PBXGroup;
			children = (
				CCF24CD327DB874A00B30EBE /* CustomPopUp_tutorial.app */,
			);
			name = Products;
			sourceTree = "<group>";
		};
		CCF24CD527DB874A00B30EBE /* CustomPopUp_tutorial */ = {
			isa = PBXGroup;
			children = (
				CCF24CD627DB874A00B30EBE /* AppDelegate.swift */,
				CCF24CD827DB874A00B30EBE /* SceneDelegate.swift */,
				CCF24CDA27DB874A00B30EBE /* ViewController.swift */,
				CCF24CDC27DB874A00B30EBE /* Main.storyboard */,
				CCF24CEA27DB88C600B30EBE /* PopUp.storyboard */,
				CCF24CDF27DB874A00B30EBE /* Assets.xcassets */,
				CCF24CE127DB874A00B30EBE /* LaunchScreen.storyboard */,
				CCF24CE427DB874A00B30EBE /* Info.plist */,
				CCF24CEC27DB90D900B30EBE /* CustomPopUpViewController.swift */,
				CCE6DADE27DCEBFE00175B30 /* PopUpDelegate.swift */,
			);
			path = CustomPopUp_tutorial;
			sourceTree = "<group>";
		};
		CCF24CEE27DB930900B30EBE /* Frameworks */ = {
			isa = PBXGroup;
			children = (
				CCF24CEF27DB930900B30EBE /* WebKit.framework */,
			);
			name = Frameworks;
			sourceTree = "<group>";
		};
/* End PBXGroup section */

/* Begin PBXNativeTarget section */
		CCF24CD227DB874A00B30EBE /* CustomPopUp_tutorial */ = {
			isa = PBXNativeTarget;
			buildConfigurationList = CCF24CE727DB874A00B30EBE /* Build configuration list for PBXNativeTarget "CustomPopUp_tutorial" */;
			buildPhases = (
				CCF24CCF27DB874A00B30EBE /* Sources */,
				CCF24CD027DB874A00B30EBE /* Frameworks */,
				CCF24CD127DB874A00B30EBE /* Resources */,
			);
			buildRules = (
			);
			dependencies = (
			);
			name = CustomPopUp_tutorial;
			productName = CustomPopUp_tutorial;
			productReference = CCF24CD327DB874A00B30EBE /* CustomPopUp_tutorial.app */;
			productType = "com.apple.product-type.application";
		};
/* End PBXNativeTarget section */

/* Begin PBXProject section */
		CCF24CCB27DB874A00B30EBE /* Project object */ = {
			isa = PBXProject;
			attributes = {
				BuildIndependentTargetsInParallel = 1;
				LastSwiftUpdateCheck = 1320;
				LastUpgradeCheck = 1320;
				TargetAttributes = {
					CCF24CD227DB874A00B30EBE = {
						CreatedOnToolsVersion = 13.2.1;
					};
				};
			};
			buildConfigurationList = CCF24CCE27DB874A00B30EBE /* Build configuration list for PBXProject "CustomPopUp_tutorial" */;
			compatibilityVersion = "Xcode 13.0";
			developmentRegion = en;
			hasScannedForEncodings = 0;
			knownRegions = (
				en,
				Base,
			);
			mainGroup = CCF24CCA27DB874A00B30EBE;
			productRefGroup = CCF24CD427DB874A00B30EBE /* Products */;
			projectDirPath = "";
			projectRoot = "";
			targets = (
				CCF24CD227DB874A00B30EBE /* CustomPopUp_tutorial */,
			);
		};
/* End PBXProject section */

/* Begin PBXResourcesBuildPhase section */
		CCF24CD127DB874A00B30EBE /* Resources */ = {
			isa = PBXResourcesBuildPhase;
			buildActionMask = 2147483647;
			files = (
				CCF24CE327DB874A00B30EBE /* LaunchScreen.storyboard in Resources */,
				CCF24CE027DB874A00B30EBE /* Assets.xcassets in Resources */,
				CCF24CDE27DB874A00B30EBE /* Main.storyboard in Resources */,
				CCF24CEB27DB88C600B30EBE /* PopUp.storyboard in Resources */,
			);
			runOnlyForDeploymentPostprocessing = 0;
		};
/* End PBXResourcesBuildPhase section */

/* Begin PBXSourcesBuildPhase section */
		CCF24CCF27DB874A00B30EBE /* Sources */ = {
			isa = PBXSourcesBuildPhase;
			buildActionMask = 2147483647;
			files = (
				CCE6DADF27DCEBFE00175B30 /* PopUpDelegate.swift in Sources */,
				CCF24CED27DB90D900B30EBE /* CustomPopUpViewController.swift in Sources */,
				CCF24CDB27DB874A00B30EBE /* ViewController.swift in Sources */,
				CCF24CD727DB874A00B30EBE /* AppDelegate.swift in Sources */,
				CCF24CD927DB874A00B30EBE /* SceneDelegate.swift in Sources */,
			);
			runOnlyForDeploymentPostprocessing = 0;
		};
/* End PBXSourcesBuildPhase section */

/* Begin PBXVariantGroup section */
		CCF24CDC27DB874A00B30EBE /* Main.storyboard */ = {
			isa = PBXVariantGroup;
			children = (
				CCF24CDD27DB874A00B30EBE /* Base */,
			);
			name = Main.storyboard;
			sourceTree = "<group>";
		};
		CCF24CE127DB874A00B30EBE /* LaunchScreen.storyboard */ = {
			isa = PBXVariantGroup;
			children = (
				CCF24CE227DB874A00B30EBE /* Base */,
			);
			name = LaunchScreen.storyboard;
			sourceTree = "<group>";
		};
/* End PBXVariantGroup section */

/* Begin XCBuildConfiguration section */
		CCF24CE527DB874A00B30EBE /* Debug */ = {
			isa = XCBuildConfiguration;
			buildSettings = {
				ALWAYS_SEARCH_USER_PATHS = NO;
				CLANG_ANALYZER_NONNULL = YES;
				CLANG_ANALYZER_NUMBER_OBJECT_CONVERSION = YES_AGGRESSIVE;
				CLANG_CXX_LANGUAGE_STANDARD = "gnu++17";
				CLANG_CXX_LIBRARY = "libc++";
				CLANG_ENABLE_MODULES = YES;
				CLANG_ENABLE_OBJC_ARC = YES;
				CLANG_ENABLE_OBJC_WEAK = YES;
				CLANG_WARN_BLOCK_CAPTURE_AUTORELEASING = YES;
				CLANG_WARN_BOOL_CONVERSION = YES;
				CLANG_WARN_COMMA = YES;
				CLANG_WARN_CONSTANT_CONVERSION = YES;
				CLANG_WARN_DEPRECATED_OBJC_IMPLEMENTATIONS = YES;
				CLANG_WARN_DIRECT_OBJC_ISA_USAGE = YES_ERROR;
				CLANG_WARN_DOCUMENTATION_COMMENTS = YES;
				CLANG_WARN_EMPTY_BODY = YES;
				CLANG_WARN_ENUM_CONVERSION = YES;
				CLANG_WARN_INFINITE_RECURSION = YES;
				CLANG_WARN_INT_CONVERSION = YES;
				CLANG_WARN_NON_LITERAL_NULL_CONVERSION = YES;
				CLANG_WARN_OBJC_IMPLICIT_RETAIN_SELF = YES;
				CLANG_WARN_OBJC_LITERAL_CONVERSION = YES;
				CLANG_WARN_OBJC_ROOT_CLASS = YES_ERROR;
				CLANG_WARN_QUOTED_INCLUDE_IN_FRAMEWORK_HEADER = YES;
				CLANG_WARN_RANGE_LOOP_ANALYSIS = YES;
				CLANG_WARN_STRICT_PROTOTYPES = YES;
				CLANG_WARN_SUSPICIOUS_MOVE = YES;
				CLANG_WARN_UNGUARDED_AVAILABILITY = YES_AGGRESSIVE;
				CLANG_WARN_UNREACHABLE_CODE = YES;
				CLANG_WARN__DUPLICATE_METHOD_MATCH = YES;
				COPY_PHASE_STRIP = NO;
				DEBUG_INFORMATION_FORMAT = dwarf;
				ENABLE_STRICT_OBJC_MSGSEND = YES;
				ENABLE_TESTABILITY = YES;
				GCC_C_LANGUAGE_STANDARD = gnu11;
				GCC_DYNAMIC_NO_PIC = NO;
				GCC_NO_COMMON_BLOCKS = YES;
				GCC_OPTIMIZATION_LEVEL = 0;
				GCC_PREPROCESSOR_DEFINITIONS = (
					"DEBUG=1",
					"$(inherited)",
				);
				GCC_WARN_64_TO_32_BIT_CONVERSION = YES;
				GCC_WARN_ABOUT_RETURN_TYPE = YES_ERROR;
				GCC_WARN_UNDECLARED_SELECTOR = YES;
				GCC_WARN_UNINITIALIZED_AUTOS = YES_AGGRESSIVE;
				GCC_WARN_UNUSED_FUNCTION = YES;
				GCC_WARN_UNUSED_VARIABLE = YES;
				IPHONEOS_DEPLOYMENT_TARGET = 15.2;
				MTL_ENABLE_DEBUG_INFO = INCLUDE_SOURCE;
				MTL_FAST_MATH = YES;
				ONLY_ACTIVE_ARCH = YES;
				SDKROOT = iphoneos;
				SWIFT_ACTIVE_COMPILATION_CONDITIONS = DEBUG;
				SWIFT_OPTIMIZATION_LEVEL = "-Onone";
			};
			name = Debug;
		};
		CCF24CE627DB874A00B30EBE /* Release */ = {
			isa = XCBuildConfiguration;
			buildSettings = {
				ALWAYS_SEARCH_USER_PATHS = NO;
				CLANG_ANALYZER_NONNULL = YES;
				CLANG_ANALYZER_NUMBER_OBJECT_CONVERSION = YES_AGGRESSIVE;
				CLANG_CXX_LANGUAGE_STANDARD = "gnu++17";
				CLANG_CXX_LIBRARY = "libc++";
				CLANG_ENABLE_MODULES = YES;
				CLANG_ENABLE_OBJC_ARC = YES;
				CLANG_ENABLE_OBJC_WEAK = YES;
				CLANG_WARN_BLOCK_CAPTURE_AUTORELEASING = YES;
				CLANG_WARN_BOOL_CONVERSION = YES;
				CLANG_WARN_COMMA = YES;
				CLANG_WARN_CONSTANT_CONVERSION = YES;
				CLANG_WARN_DEPRECATED_OBJC_IMPLEMENTATIONS = YES;
				CLANG_WARN_DIRECT_OBJC_ISA_USAGE = YES_ERROR;
				CLANG_WARN_DOCUMENTATION_COMMENTS = YES;
				CLANG_WARN_EMPTY_BODY = YES;
				CLANG_WARN_ENUM_CONVERSION = YES;
				CLANG_WARN_INFINITE_RECURSION = YES;
				CLANG_WARN_INT_CONVERSION = YES;
				CLANG_WARN_NON_LITERAL_NULL_CONVERSION = YES;
				CLANG_WARN_OBJC_IMPLICIT_RETAIN_SELF = YES;
				CLANG_WARN_OBJC_LITERAL_CONVERSION = YES;
				CLANG_WARN_OBJC_ROOT_CLASS = YES_ERROR;
				CLANG_WARN_QUOTED_INCLUDE_IN_FRAMEWORK_HEADER = YES;
				CLANG_WARN_RANGE_LOOP_ANALYSIS = YES;
				CLANG_WARN_STRICT_PROTOTYPES = YES;
				CLANG_WARN_SUSPICIOUS_MOVE = YES;
				CLANG_WARN_UNGUARDED_AVAILABILITY = YES_AGGRESSIVE;
				CLANG_WARN_UNREACHABLE_CODE = YES;
				CLANG_WARN__DUPLICATE_METHOD_MATCH = YES;
				COPY_PHASE_STRIP = NO;
				DEBUG_INFORMATION_FORMAT = "dwarf-with-dsym";
				ENABLE_NS_ASSERTIONS = NO;
				ENABLE_STRICT_OBJC_MSGSEND = YES;
				GCC_C_LANGUAGE_STANDARD = gnu11;
				GCC_NO_COMMON_BLOCKS = YES;
				GCC_WARN_64_TO_32_BIT_CONVERSION = YES;
				GCC_WARN_ABOUT_RETURN_TYPE = YES_ERROR;
				GCC_WARN_UNDECLARED_SELECTOR = YES;
				GCC_WARN_UNINITIALIZED_AUTOS = YES_AGGRESSIVE;
				GCC_WARN_UNUSED_FUNCTION = YES;
				GCC_WARN_UNUSED_VARIABLE = YES;
				IPHONEOS_DEPLOYMENT_TARGET = 15.2;
				MTL_ENABLE_DEBUG_INFO = NO;
				MTL_FAST_MATH = YES;
				SDKROOT = iphoneos;
				SWIFT_COMPILATION_MODE = wholemodule;
				SWIFT_OPTIMIZATION_LEVEL = "-O";
				VALIDATE_PRODUCT = YES;
			};
			name = Release;
		};
		CCF24CE827DB874A00B30EBE /* Debug */ = {
			isa = XCBuildConfiguration;
			buildSettings = {
				ASSETCATALOG_COMPILER_APPICON_NAME = AppIcon;
				ASSETCATALOG_COMPILER_GLOBAL_ACCENT_COLOR_NAME = AccentColor;
				CODE_SIGN_STYLE = Automatic;
				CURRENT_PROJECT_VERSION = 1;
				DEVELOPMENT_TEAM = JUH7SGH4N4;
				GENERATE_INFOPLIST_FILE = YES;
				INFOPLIST_FILE = CustomPopUp_tutorial/Info.plist;
				INFOPLIST_KEY_UIApplicationSupportsIndirectInputEvents = YES;
				INFOPLIST_KEY_UILaunchStoryboardName = LaunchScreen;
				INFOPLIST_KEY_UIMainStoryboardFile = Main;
				INFOPLIST_KEY_UISupportedInterfaceOrientations_iPad = "UIInterfaceOrientationPortrait UIInterfaceOrientationPortraitUpsideDown UIInterfaceOrientationLandscapeLeft UIInterfaceOrientationLandscapeRight";
				INFOPLIST_KEY_UISupportedInterfaceOrientations_iPhone = "UIInterfaceOrientationPortrait UIInterfaceOrientationLandscapeLeft UIInterfaceOrientationLandscapeRight";
				LD_RUNPATH_SEARCH_PATHS = (
					"$(inherited)",
					"@executable_path/Frameworks",
				);
				MARKETING_VERSION = 1.0;
				PRODUCT_BUNDLE_IDENTIFIER = "com.bicco.CustomPopUp-tutorial";
				PRODUCT_NAME = "$(TARGET_NAME)";
				SWIFT_EMIT_LOC_STRINGS = YES;
				SWIFT_VERSION = 5.0;
				TARGETED_DEVICE_FAMILY = "1,2";
			};
			name = Debug;
		};
		CCF24CE927DB874A00B30EBE /* Release */ = {
			isa = XCBuildConfiguration;
			buildSettings = {
				ASSETCATALOG_COMPILER_APPICON_NAME = AppIcon;
				ASSETCATALOG_COMPILER_GLOBAL_ACCENT_COLOR_NAME = AccentColor;
				CODE_SIGN_STYLE = Automatic;
				CURRENT_PROJECT_VERSION = 1;
				DEVELOPMENT_TEAM = JUH7SGH4N4;
				GENERATE_INFOPLIST_FILE = YES;
				INFOPLIST_FILE = CustomPopUp_tutorial/Info.plist;
				INFOPLIST_KEY_UIApplicationSupportsIndirectInputEvents = YES;
				INFOPLIST_KEY_UILaunchStoryboardName = LaunchScreen;
				INFOPLIST_KEY_UIMainStoryboardFile = Main;
				INFOPLIST_KEY_UISupportedInterfaceOrientations_iPad = "UIInterfaceOrientationPortrait UIInterfaceOrientationPortraitUpsideDown UIInterfaceOrientationLandscapeLeft UIInterfaceOrientationLandscapeRight";
				INFOPLIST_KEY_UISupportedInterfaceOrientations_iPhone = "UIInterfaceOrientationPortrait UIInterfaceOrientationLandscapeLeft UIInterfaceOrientationLandscapeRight";
				LD_RUNPATH_SEARCH_PATHS = (
					"$(inherited)",
					"@executable_path/Frameworks",
				);
				MARKETING_VERSION = 1.0;
				PRODUCT_BUNDLE_IDENTIFIER = "com.bicco.CustomPopUp-tutorial";
				PRODUCT_NAME = "$(TARGET_NAME)";
				SWIFT_EMIT_LOC_STRINGS = YES;
				SWIFT_VERSION = 5.0;
				TARGETED_DEVICE_FAMILY = "1,2";
			};
			name = Release;
		};
/* End XCBuildConfiguration section */

/* Begin XCConfigurationList section */
		CCF24CCE27DB874A00B30EBE /* Build configuration list for PBXProject "CustomPopUp_tutorial" */ = {
			isa = XCConfigurationList;
			buildConfigurations = (
				CCF24CE527DB874A00B30EBE /* Debug */,
				CCF24CE627DB874A00B30EBE /* Release */,
			);
			defaultConfigurationIsVisible = 0;
			defaultConfigurationName = Release;
		};
		CCF24CE727DB874A00B30EBE /* Build configuration list for PBXNativeTarget "CustomPopUp_tutorial" */ = {
			isa = XCConfigurationList;
			buildConfigurations = (
				CCF24CE827DB874A00B30EBE /* Debug */,
				CCF24CE927DB874A00B30EBE /* Release */,
			);
			defaultConfigurationIsVisible = 0;
			defaultConfigurationName = Release;
		};
/* End XCConfigurationList section */
	};
	rootObject = CCF24CCB27DB874A00B30EBE /* Project object */;
}
